
Microsoft Visual Studio Solution File, Format Version 11.00
# Visual Studio 2010
Project("{FAE04EC0-301F-11D3-BF4B-00C04F79EFBC}") = "meyabypass-csharp", "meyabypass-csharp.csproj", "{B8FF0B1F-1F0F-4245-990E-44B95455DA7B}"
EndProject
Global
	GlobalSection(SolutionConfigurationPlatforms) = preSolution
		Debug|Any CPU = Debug|Any CPU
		Release|Any CPU = Release|Any CPU
	EndGlobalSection
	GlobalSection(ProjectConfigurationPlatforms) = postSolution
		{B8FF0B1F-1F0F-4245-990E-44B95455DA7B}.Debug|Any CPU.ActiveCfg = Debug|Any CPU
		{B8FF0B1F-1F0F-4245-990E-44B95455DA7B}.Debug|Any CPU.Build.0 = Debug|Any CPU
		{B8FF0B1F-1F0F-4245-990E-44B95455DA7B}.Release|Any CPU.ActiveCfg = Release|Any CPU
		{B8FF0B1F-1F0F-4245-990E-44B95455DA7B}.Release|Any CPU.Build.0 = Release|Any CPU
	EndGlobalSection
	GlobalSection(SolutionProperties) = preSolution
		HideSolutionNode = FALSE
	EndGlobalSection
EndGlobal
